
Microsoft Visual Studio Solution File, Format Version 12.00
# Visual Studio Version 16
VisualStudioVersion = 16.0.31729.503
MinimumVisualStudioVersion = 10.0.40219.1
Project("{FAE04EC0-301F-11D3-BF4B-00C04F79EFBC}") = "BreakoutBoring", "BreakoutBoring\BreakoutBoring.csproj", "{4CE0E70A-CA12-4720-AC00-74BC1BC24FC7}"
EndProject
Project("{9A19103F-16F7-4668-BE54-9A1E7A4F7556}") = "MonoGameLibrary", "MonoGameLibrary\MonoGameLibrary.csproj", "{52D0862B-6903-4246-94A1-D4328B54409C}"
EndProject
Global
	GlobalSection(SolutionConfigurationPlatforms) = preSolution
		Debug|Any CPU = Debug|Any CPU
		Release|Any CPU = Release|Any CPU
	EndGlobalSection
	GlobalSection(ProjectConfigurationPlatforms) = postSolution
		{4CE0E70A-CA12-4720-AC00-74BC1BC24FC7}.Debug|Any CPU.ActiveCfg = Debug|Any CPU
		{4CE0E70A-CA12-4720-AC00-74BC1BC24FC7}.Debug|Any CPU.Build.0 = Debug|Any CPU
		{4CE0E70A-CA12-4720-AC00-74BC1BC24FC7}.Release|Any CPU.ActiveCfg = Release|Any CPU
		{4CE0E70A-CA12-4720-AC00-74BC1BC24FC7}.Release|Any CPU.Build.0 = Release|Any CPU
		{52D0862B-6903-4246-94A1-D4328B54409C}.Debug|Any CPU.ActiveCfg = Debug|Any CPU
		{52D0862B-6903-4246-94A1-D4328B54409C}.Debug|Any CPU.Build.0 = Debug|Any CPU
		{52D0862B-6903-4246-94A1-D4328B54409C}.Release|Any CPU.ActiveCfg = Release|Any CPU
		{52D0862B-6903-4246-94A1-D4328B54409C}.Release|Any CPU.Build.0 = Release|Any CPU
	EndGlobalSection
	GlobalSection(SolutionProperties) = preSolution
		HideSolutionNode = FALSE
	EndGlobalSection
	GlobalSection(ExtensibilityGlobals) = postSolution
		SolutionGuid = {A24BBF94-3C3C-4F12-A7B3-0DDF8DE7217D}
	EndGlobalSection
EndGlobal
